{
  "version": 4,
  "terraform_version": "0.14.6",
  "serial": 153,
  "lineage": "713e6b2f-031d-a167-7961-20698ed70083",
  "outputs": {
    "swala-t_ip": {
      "value": "165.22.215.218",
      "type": "string"
    }
  },
  "resources": [
    {
      "mode": "data",
      "type": "digitalocean_project",
      "name": "satswala",
      "provider": "provider[\"registry.terraform.io/digitalocean/digitalocean\"]",
      "instances": [
        {
          "schema_version": 0,
          "attributes": {
            "created_at": "2021-02-01T16:49:25Z",
            "description": "India's Bitcoin Partner",
            "environment": "",
            "id": "32fc2964-d87f-4d3e-9ade-d3bfa8629fc0",
            "is_default": true,
            "name": "Satswala",
            "owner_id": 8654177,
            "owner_uuid": "c8ad6ec0-3dbe-49f0-9a8c-b24f2b896544",
            "purpose": "Service or API",
            "resources": [
              "do:droplet:230027714",
              "do:droplet:232270449",
              "do:droplet:232270450",
              "do:droplet:232270451",
              "do:volume:0a0dd3b1-7163-11eb-b067-0a58ac14b6ad",
              "do:volume:28ba1022-64b0-11eb-8270-0a58ac14b579",
              "do:volume:68330aa6-6f11-11eb-897d-0a58ac14b5cc",
              "do:volume:aae20efa-7162-11eb-8e8e-0a58ac14b5e2",
              "do:volume:c4836951-7162-11eb-8e8e-0a58ac14b5e2"
            ],
            "updated_at": "2021-02-17T21:31:44Z"
          },
          "sensitive_attributes": []
        }
      ]
    },
    {
      "mode": "managed",
      "type": "cloudflare_record",
      "name": "test",
      "provider": "provider[\"registry.terraform.io/cloudflare/cloudflare\"]",
      "instances": [
        {
          "schema_version": 1,
          "attributes": {
            "created_on": "2021-02-20T15:47:08.964627Z",
            "data": null,
            "hostname": "play.satswala.com",
            "id": "ae6a2ce944e05df44612f82a961068a3",
            "metadata": {
              "auto_added": "false",
              "managed_by_apps": "false",
              "managed_by_argo_tunnel": "false",
              "source": "primary"
            },
            "modified_on": "2021-02-20T15:47:08.964627Z",
            "name": "play",
            "priority": 0,
            "proxiable": true,
            "proxied": false,
            "timeouts": null,
            "ttl": 1,
            "type": "A",
            "value": "165.22.215.218",
            "zone_id": "4fd615d49f410f20f991f445994f5c50"
          },
          "sensitive_attributes": [],
          "private": "eyJlMmJmYjczMC1lY2FhLTExZTYtOGY4OC0zNDM2M2JjN2M0YzAiOnsiY3JlYXRlIjozMDAwMDAwMDAwMCwidXBkYXRlIjozMDAwMDAwMDAwMH0sInNjaGVtYV92ZXJzaW9uIjoiMSJ9",
          "dependencies": [
            "digitalocean_droplet.swala-t"
          ]
        }
      ]
    },
    {
      "mode": "managed",
      "type": "digitalocean_droplet",
      "name": "swala-t",
      "provider": "provider[\"registry.terraform.io/digitalocean/digitalocean\"]",
      "instances": [
        {
          "schema_version": 1,
          "attributes": {
            "backups": false,
            "created_at": "2021-02-20T15:46:10Z",
            "disk": 80,
            "id": "232797220",
            "image": "79067033",
            "ipv4_address": "165.22.215.218",
            "ipv4_address_private": "10.122.0.5",
            "ipv6": false,
            "ipv6_address": "",
            "locked": false,
            "memory": 4096,
            "monitoring": false,
            "name": "swala-t",
            "price_hourly": 0.02976,
            "price_monthly": 20,
            "private_networking": true,
            "region": "blr1",
            "resize_disk": true,
            "size": "s-2vcpu-4gb",
            "ssh_keys": [
              "29613298"
            ],
            "status": "active",
            "tags": null,
            "urn": "do:droplet:232797220",
            "user_data": null,
            "vcpus": 2,
            "volume_ids": [],
            "vpc_uuid": "92e88aa7-7ec3-4b21-b60e-fb2afcb3198a"
          },
          "sensitive_attributes": [],
          "private": "eyJzY2hlbWFfdmVyc2lvbiI6IjEifQ=="
        }
      ]
    },
    {
      "mode": "managed",
      "type": "digitalocean_firewall",
      "name": "sats-fire-consul",
      "provider": "provider[\"registry.terraform.io/digitalocean/digitalocean\"]",
      "instances": [
        {
          "schema_version": 0,
          "attributes": {
            "created_at": "2021-02-20T15:47:08Z",
            "droplet_ids": [
              232797220
            ],
            "id": "6d3090e0-d982-4825-afb1-5be6bef09755",
            "inbound_rule": [
              {
                "port_range": "",
                "protocol": "icmp",
                "source_addresses": [
                  "0.0.0.0/0",
                  "::/0"
                ],
                "source_droplet_ids": [],
                "source_load_balancer_uids": [],
                "source_tags": []
              },
              {
                "port_range": "22",
                "protocol": "tcp",
                "source_addresses": [
                  "0.0.0.0/0",
                  "::/0"
                ],
                "source_droplet_ids": [],
                "source_load_balancer_uids": [],
                "source_tags": []
              },
              {
                "port_range": "22909",
                "protocol": "tcp",
                "source_addresses": [
                  "0.0.0.0/0",
                  "::/0"
                ],
                "source_droplet_ids": [],
                "source_load_balancer_uids": [],
                "source_tags": []
              },
              {
                "port_range": "443",
                "protocol": "tcp",
                "source_addresses": [
                  "0.0.0.0/0",
                  "::/0"
                ],
                "source_droplet_ids": [],
                "source_load_balancer_uids": [],
                "source_tags": []
              },
              {
                "port_range": "80",
                "protocol": "tcp",
                "source_addresses": [
                  "0.0.0.0/0",
                  "::/0"
                ],
                "source_droplet_ids": [],
                "source_load_balancer_uids": [],
                "source_tags": []
              },
              {
                "port_range": "8300",
                "protocol": "tcp",
                "source_addresses": [
                  "0.0.0.0/0",
                  "::/0"
                ],
                "source_droplet_ids": [],
                "source_load_balancer_uids": [],
                "source_tags": []
              },
              {
                "port_range": "8301",
                "protocol": "tcp",
                "source_addresses": [
                  "0.0.0.0/0",
                  "::/0"
                ],
                "source_droplet_ids": [],
                "source_load_balancer_uids": [],
                "source_tags": []
              },
              {
                "port_range": "8301",
                "protocol": "udp",
                "source_addresses": [
                  "0.0.0.0/0",
                  "::/0"
                ],
                "source_droplet_ids": [],
                "source_load_balancer_uids": [],
                "source_tags": []
              },
              {
                "port_range": "8500",
                "protocol": "tcp",
                "source_addresses": [
                  "0.0.0.0/0",
                  "::/0"
                ],
                "source_droplet_ids": [],
                "source_load_balancer_uids": [],
                "source_tags": []
              },
              {
                "port_range": "8600",
                "protocol": "tcp",
                "source_addresses": [
                  "0.0.0.0/0",
                  "::/0"
                ],
                "source_droplet_ids": [],
                "source_load_balancer_uids": [],
                "source_tags": []
              },
              {
                "port_range": "8600",
                "protocol": "udp",
                "source_addresses": [
                  "0.0.0.0/0",
                  "::/0"
                ],
                "source_droplet_ids": [],
                "source_load_balancer_uids": [],
                "source_tags": []
              }
            ],
            "name": "only-22-80-443-consul",
            "outbound_rule": [
              {
                "destination_addresses": [
                  "0.0.0.0/0",
                  "::/0"
                ],
                "destination_droplet_ids": [],
                "destination_load_balancer_uids": [],
                "destination_tags": [],
                "port_range": "",
                "protocol": "icmp"
              },
              {
                "destination_addresses": [
                  "0.0.0.0/0",
                  "::/0"
                ],
                "destination_droplet_ids": [],
                "destination_load_balancer_uids": [],
                "destination_tags": [],
                "port_range": "1-65535",
                "protocol": "tcp"
              },
              {
                "destination_addresses": [
                  "0.0.0.0/0",
                  "::/0"
                ],
                "destination_droplet_ids": [],
                "destination_load_balancer_uids": [],
                "destination_tags": [],
                "port_range": "1-65535",
                "protocol": "udp"
              }
            ],
            "pending_changes": [
              {
                "droplet_id": 232797220,
                "removing": false,
                "status": "waiting"
              }
            ],
            "status": "waiting",
            "tags": null
          },
          "sensitive_attributes": [],
          "private": "bnVsbA==",
          "dependencies": [
            "digitalocean_droplet.swala-t"
          ]
        }
      ]
    },
    {
      "mode": "managed",
      "type": "digitalocean_project_resources",
      "name": "satswala",
      "provider": "provider[\"registry.terraform.io/digitalocean/digitalocean\"]",
      "instances": [
        {
          "schema_version": 0,
          "attributes": {
            "id": "32fc2964-d87f-4d3e-9ade-d3bfa8629fc0",
            "project": "32fc2964-d87f-4d3e-9ade-d3bfa8629fc0",
            "resources": [
              "do:droplet:232797220"
            ]
          },
          "sensitive_attributes": [],
          "private": "bnVsbA==",
          "dependencies": [
            "data.digitalocean_project.satswala",
            "digitalocean_droplet.swala-t"
          ]
        }
      ]
    },
    {
      "mode": "managed",
      "type": "digitalocean_volume_attachment",
      "name": "s5persistence-test",
      "provider": "provider[\"registry.terraform.io/digitalocean/digitalocean\"]",
      "instances": [
        {
          "schema_version": 0,
          "attributes": {
            "droplet_id": 232797220,
            "id": "232797220-68330aa6-6f11-11eb-897d-0a58ac14b5cc-20210220154720986900000001",
            "volume_id": "68330aa6-6f11-11eb-897d-0a58ac14b5cc"
          },
          "sensitive_attributes": [],
          "private": "bnVsbA==",
          "dependencies": [
            "digitalocean_droplet.swala-t"
          ]
        }
      ]
    }
  ]
}
