{
  "version": 4,
  "terraform_version": "0.14.6",
  "serial": 26,
  "lineage": "8a824352-0c51-d8ee-559f-351eec9b663b",
  "outputs": {
    "swala-cs1_ip": {
      "value": "139.59.73.229",
      "type": "string"
    },
    "swala-cs2_ip": {
      "value": "139.59.60.23",
      "type": "string"
    },
    "swala-cs3_ip": {
      "value": "139.59.78.83",
      "type": "string"
    }
  },
  "resources": [
    {
      "mode": "data",
      "type": "digitalocean_project",
      "name": "satswala",
      "provider": "provider[\"registry.terraform.io/digitalocean/digitalocean\"]",
      "instances": [
        {
          "schema_version": 0,
          "attributes": {
            "created_at": "2021-02-01T16:49:25Z",
            "description": "India's Bitcoin Partner",
            "environment": "",
            "id": "32fc2964-d87f-4d3e-9ade-d3bfa8629fc0",
            "is_default": true,
            "name": "Satswala",
            "owner_id": 8654177,
            "owner_uuid": "c8ad6ec0-3dbe-49f0-9a8c-b24f2b896544",
            "purpose": "Service or API",
            "resources": [
              "do:droplet:230027714",
              "do:droplet:231782671",
              "do:volume:28ba1022-64b0-11eb-8270-0a58ac14b579",
              "do:volume:68330aa6-6f11-11eb-897d-0a58ac14b5cc"
            ],
            "updated_at": "2021-02-17T21:31:44Z"
          },
          "sensitive_attributes": []
        }
      ]
    },
    {
      "mode": "managed",
      "type": "cloudflare_record",
      "name": "cs1",
      "provider": "provider[\"registry.terraform.io/cloudflare/cloudflare\"]",
      "instances": [
        {
          "schema_version": 1,
          "attributes": {
            "created_on": "2021-02-17T21:16:30.5387Z",
            "data": {},
            "hostname": "cs1.satswala.com",
            "id": "b20ee7fedadefda423c3f20541dd094f",
            "metadata": {
              "auto_added": "false",
              "managed_by_apps": "false",
              "managed_by_argo_tunnel": "false",
              "source": "primary"
            },
            "modified_on": "2021-02-17T21:16:30.5387Z",
            "name": "cs1",
            "priority": 0,
            "proxiable": true,
            "proxied": false,
            "timeouts": null,
            "ttl": 1,
            "type": "A",
            "value": "139.59.73.229",
            "zone_id": "4fd615d49f410f20f991f445994f5c50"
          },
          "sensitive_attributes": [],
          "private": "eyJlMmJmYjczMC1lY2FhLTExZTYtOGY4OC0zNDM2M2JjN2M0YzAiOnsiY3JlYXRlIjozMDAwMDAwMDAwMCwidXBkYXRlIjozMDAwMDAwMDAwMH0sInNjaGVtYV92ZXJzaW9uIjoiMSJ9",
          "dependencies": [
            "digitalocean_droplet.swala-cs1"
          ]
        }
      ]
    },
    {
      "mode": "managed",
      "type": "cloudflare_record",
      "name": "cs2",
      "provider": "provider[\"registry.terraform.io/cloudflare/cloudflare\"]",
      "instances": [
        {
          "schema_version": 1,
          "attributes": {
            "created_on": "2021-02-17T21:16:31.233897Z",
            "data": {},
            "hostname": "cs2.satswala.com",
            "id": "dfdc222566eb9efd3ea43ced88ab3902",
            "metadata": {
              "auto_added": "false",
              "managed_by_apps": "false",
              "managed_by_argo_tunnel": "false",
              "source": "primary"
            },
            "modified_on": "2021-02-17T21:16:31.233897Z",
            "name": "cs2",
            "priority": 0,
            "proxiable": true,
            "proxied": false,
            "timeouts": null,
            "ttl": 1,
            "type": "A",
            "value": "139.59.60.23",
            "zone_id": "4fd615d49f410f20f991f445994f5c50"
          },
          "sensitive_attributes": [],
          "private": "eyJlMmJmYjczMC1lY2FhLTExZTYtOGY4OC0zNDM2M2JjN2M0YzAiOnsiY3JlYXRlIjozMDAwMDAwMDAwMCwidXBkYXRlIjozMDAwMDAwMDAwMH0sInNjaGVtYV92ZXJzaW9uIjoiMSJ9",
          "dependencies": [
            "digitalocean_droplet.swala-cs2"
          ]
        }
      ]
    },
    {
      "mode": "managed",
      "type": "cloudflare_record",
      "name": "cs3",
      "provider": "provider[\"registry.terraform.io/cloudflare/cloudflare\"]",
      "instances": [
        {
          "schema_version": 1,
          "attributes": {
            "created_on": "2021-02-17T21:16:32.028364Z",
            "data": {},
            "hostname": "cs3.satswala.com",
            "id": "e9cae4ff4b6064b18d11126118cf0c7a",
            "metadata": {
              "auto_added": "false",
              "managed_by_apps": "false",
              "managed_by_argo_tunnel": "false",
              "source": "primary"
            },
            "modified_on": "2021-02-17T21:16:32.028364Z",
            "name": "cs3",
            "priority": 0,
            "proxiable": true,
            "proxied": false,
            "timeouts": null,
            "ttl": 1,
            "type": "A",
            "value": "139.59.78.83",
            "zone_id": "4fd615d49f410f20f991f445994f5c50"
          },
          "sensitive_attributes": [],
          "private": "eyJlMmJmYjczMC1lY2FhLTExZTYtOGY4OC0zNDM2M2JjN2M0YzAiOnsiY3JlYXRlIjozMDAwMDAwMDAwMCwidXBkYXRlIjozMDAwMDAwMDAwMH0sInNjaGVtYV92ZXJzaW9uIjoiMSJ9",
          "dependencies": [
            "digitalocean_droplet.swala-cs3"
          ]
        }
      ]
    },
    {
      "mode": "managed",
      "type": "digitalocean_droplet",
      "name": "swala-cs1",
      "provider": "provider[\"registry.terraform.io/digitalocean/digitalocean\"]",
      "instances": [
        {
          "schema_version": 1,
          "attributes": {
            "backups": false,
            "created_at": "2021-02-17T21:15:30Z",
            "disk": 25,
            "id": "232270450",
            "image": "78903591",
            "ipv4_address": "139.59.73.229",
            "ipv4_address_private": "10.122.0.6",
            "ipv6": false,
            "ipv6_address": "",
            "locked": false,
            "memory": 1024,
            "monitoring": false,
            "name": "swala-cs1",
            "price_hourly": 0.00744,
            "price_monthly": 5,
            "private_networking": true,
            "region": "blr1",
            "resize_disk": true,
            "size": "s-1vcpu-1gb",
            "ssh_keys": [
              "29514305"
            ],
            "status": "active",
            "tags": [],
            "urn": "do:droplet:232270450",
            "user_data": null,
            "vcpus": 1,
            "volume_ids": [
              "aae20efa-7162-11eb-8e8e-0a58ac14b5e2"
            ],
            "vpc_uuid": "92e88aa7-7ec3-4b21-b60e-fb2afcb3198a"
          },
          "sensitive_attributes": [],
          "private": "eyJzY2hlbWFfdmVyc2lvbiI6IjEifQ=="
        }
      ]
    },
    {
      "mode": "managed",
      "type": "digitalocean_droplet",
      "name": "swala-cs2",
      "provider": "provider[\"registry.terraform.io/digitalocean/digitalocean\"]",
      "instances": [
        {
          "schema_version": 1,
          "attributes": {
            "backups": false,
            "created_at": "2021-02-17T21:15:31Z",
            "disk": 25,
            "id": "232270451",
            "image": "78903591",
            "ipv4_address": "139.59.60.23",
            "ipv4_address_private": "10.122.0.3",
            "ipv6": false,
            "ipv6_address": "",
            "locked": false,
            "memory": 1024,
            "monitoring": false,
            "name": "swala-cs2",
            "price_hourly": 0.00744,
            "price_monthly": 5,
            "private_networking": true,
            "region": "blr1",
            "resize_disk": true,
            "size": "s-1vcpu-1gb",
            "ssh_keys": [
              "29514305"
            ],
            "status": "active",
            "tags": [],
            "urn": "do:droplet:232270451",
            "user_data": null,
            "vcpus": 1,
            "volume_ids": [
              "c4836951-7162-11eb-8e8e-0a58ac14b5e2"
            ],
            "vpc_uuid": "92e88aa7-7ec3-4b21-b60e-fb2afcb3198a"
          },
          "sensitive_attributes": [],
          "private": "eyJzY2hlbWFfdmVyc2lvbiI6IjEifQ=="
        }
      ]
    },
    {
      "mode": "managed",
      "type": "digitalocean_droplet",
      "name": "swala-cs3",
      "provider": "provider[\"registry.terraform.io/digitalocean/digitalocean\"]",
      "instances": [
        {
          "schema_version": 1,
          "attributes": {
            "backups": false,
            "created_at": "2021-02-17T21:15:30Z",
            "disk": 25,
            "id": "232270449",
            "image": "78903591",
            "ipv4_address": "139.59.78.83",
            "ipv4_address_private": "10.122.0.4",
            "ipv6": false,
            "ipv6_address": "",
            "locked": false,
            "memory": 1024,
            "monitoring": false,
            "name": "swala-cs3",
            "price_hourly": 0.00744,
            "price_monthly": 5,
            "private_networking": true,
            "region": "blr1",
            "resize_disk": true,
            "size": "s-1vcpu-1gb",
            "ssh_keys": [
              "29514305"
            ],
            "status": "active",
            "tags": [],
            "urn": "do:droplet:232270449",
            "user_data": null,
            "vcpus": 1,
            "volume_ids": [
              "0a0dd3b1-7163-11eb-b067-0a58ac14b6ad"
            ],
            "vpc_uuid": "92e88aa7-7ec3-4b21-b60e-fb2afcb3198a"
          },
          "sensitive_attributes": [],
          "private": "eyJzY2hlbWFfdmVyc2lvbiI6IjEifQ=="
        }
      ]
    },
    {
      "mode": "managed",
      "type": "digitalocean_project_resources",
      "name": "satswala",
      "provider": "provider[\"registry.terraform.io/digitalocean/digitalocean\"]",
      "instances": [
        {
          "schema_version": 0,
          "attributes": {
            "id": "32fc2964-d87f-4d3e-9ade-d3bfa8629fc0",
            "project": "32fc2964-d87f-4d3e-9ade-d3bfa8629fc0",
            "resources": [
              "do:droplet:232270449",
              "do:droplet:232270450",
              "do:droplet:232270451"
            ]
          },
          "sensitive_attributes": [],
          "private": "bnVsbA==",
          "dependencies": [
            "data.digitalocean_project.satswala",
            "digitalocean_droplet.swala-cs1",
            "digitalocean_droplet.swala-cs2",
            "digitalocean_droplet.swala-cs3"
          ]
        }
      ]
    },
    {
      "mode": "managed",
      "type": "digitalocean_volume_attachment",
      "name": "s5cs1",
      "provider": "provider[\"registry.terraform.io/digitalocean/digitalocean\"]",
      "instances": [
        {
          "schema_version": 0,
          "attributes": {
            "droplet_id": 232270450,
            "id": "232270450-aae20efa-7162-11eb-8e8e-0a58ac14b5e2-20210217211641610800000001",
            "volume_id": "aae20efa-7162-11eb-8e8e-0a58ac14b5e2"
          },
          "sensitive_attributes": [],
          "private": "bnVsbA==",
          "dependencies": [
            "digitalocean_droplet.swala-cs1"
          ]
        }
      ]
    },
    {
      "mode": "managed",
      "type": "digitalocean_volume_attachment",
      "name": "s5cs2",
      "provider": "provider[\"registry.terraform.io/digitalocean/digitalocean\"]",
      "instances": [
        {
          "schema_version": 0,
          "attributes": {
            "droplet_id": 232270451,
            "id": "232270451-c4836951-7162-11eb-8e8e-0a58ac14b5e2-20210217211642459700000002",
            "volume_id": "c4836951-7162-11eb-8e8e-0a58ac14b5e2"
          },
          "sensitive_attributes": [],
          "private": "bnVsbA==",
          "dependencies": [
            "digitalocean_droplet.swala-cs2"
          ]
        }
      ]
    },
    {
      "mode": "managed",
      "type": "digitalocean_volume_attachment",
      "name": "s5cs3",
      "provider": "provider[\"registry.terraform.io/digitalocean/digitalocean\"]",
      "instances": [
        {
          "schema_version": 0,
          "attributes": {
            "droplet_id": 232270449,
            "id": "232270449-0a0dd3b1-7163-11eb-b067-0a58ac14b6ad-20210217211642670900000003",
            "volume_id": "0a0dd3b1-7163-11eb-b067-0a58ac14b6ad"
          },
          "sensitive_attributes": [],
          "private": "bnVsbA==",
          "dependencies": [
            "digitalocean_droplet.swala-cs3"
          ]
        }
      ]
    }
  ]
}
